
Microsoft Visual Studio Solution File, Format Version 12.00
# Visual Studio Version 16
VisualStudioVersion = 25.0.1705.4
MinimumVisualStudioVersion = 10.0.40219.1
Project("{FAE04EC0-301F-11D3-BF4B-00C04F79EFBC}") = "sorting array", "sorting array.csproj", "{63075DE9-9C7E-4D57-9544-9B5DA224786E}"
EndProject
Global
	GlobalSection(SolutionConfigurationPlatforms) = preSolution
		Debug|Any CPU = Debug|Any CPU
		Release|Any CPU = Release|Any CPU
	EndGlobalSection
	GlobalSection(ProjectConfigurationPlatforms) = postSolution
		{63075DE9-9C7E-4D57-9544-9B5DA224786E}.Debug|Any CPU.ActiveCfg = Debug|Any CPU
		{63075DE9-9C7E-4D57-9544-9B5DA224786E}.Debug|Any CPU.Build.0 = Debug|Any CPU
		{63075DE9-9C7E-4D57-9544-9B5DA224786E}.Release|Any CPU.ActiveCfg = Release|Any CPU
		{63075DE9-9C7E-4D57-9544-9B5DA224786E}.Release|Any CPU.Build.0 = Release|Any CPU
	EndGlobalSection
	GlobalSection(SolutionProperties) = preSolution
		HideSolutionNode = FALSE
	EndGlobalSection
	GlobalSection(ExtensibilityGlobals) = postSolution
		SolutionGuid = {0A8FDC94-93DD-4C65-860E-DF78E7CE681D}
	EndGlobalSection
EndGlobal
