
Microsoft Visual Studio Solution File, Format Version 12.00
# Visual Studio Version 16
VisualStudioVersion = 25.0.1705.4
MinimumVisualStudioVersion = 10.0.40219.1
Project("{FAE04EC0-301F-11D3-BF4B-00C04F79EFBC}") = "Base Keyword", "Base Keyword\Base Keyword.csproj", "{C6FDDB2D-3C5A-4784-AA1B-1F99E219F598}"
EndProject
Global
	GlobalSection(SolutionConfigurationPlatforms) = preSolution
		Debug|Any CPU = Debug|Any CPU
		Release|Any CPU = Release|Any CPU
	EndGlobalSection
	GlobalSection(ProjectConfigurationPlatforms) = postSolution
		{C6FDDB2D-3C5A-4784-AA1B-1F99E219F598}.Debug|Any CPU.ActiveCfg = Debug|Any CPU
		{C6FDDB2D-3C5A-4784-AA1B-1F99E219F598}.Debug|Any CPU.Build.0 = Debug|Any CPU
		{C6FDDB2D-3C5A-4784-AA1B-1F99E219F598}.Release|Any CPU.ActiveCfg = Release|Any CPU
		{C6FDDB2D-3C5A-4784-AA1B-1F99E219F598}.Release|Any CPU.Build.0 = Release|Any CPU
	EndGlobalSection
	GlobalSection(SolutionProperties) = preSolution
		HideSolutionNode = FALSE
	EndGlobalSection
	GlobalSection(ExtensibilityGlobals) = postSolution
		SolutionGuid = {01013EB4-7287-4F4D-A323-C07A169789DD}
	EndGlobalSection
EndGlobal
