
Microsoft Visual Studio Solution File, Format Version 12.00
# Visual Studio Version 16
VisualStudioVersion = 25.0.1705.4
MinimumVisualStudioVersion = 10.0.40219.1
Project("{FAE04EC0-301F-11D3-BF4B-00C04F79EFBC}") = "multilevel inheritance", "multilevel inheritance.csproj", "{9F98B1F0-13C1-407B-9D19-8F084C1A7B49}"
EndProject
Global
	GlobalSection(SolutionConfigurationPlatforms) = preSolution
		Debug|Any CPU = Debug|Any CPU
		Release|Any CPU = Release|Any CPU
	EndGlobalSection
	GlobalSection(ProjectConfigurationPlatforms) = postSolution
		{9F98B1F0-13C1-407B-9D19-8F084C1A7B49}.Debug|Any CPU.ActiveCfg = Debug|Any CPU
		{9F98B1F0-13C1-407B-9D19-8F084C1A7B49}.Debug|Any CPU.Build.0 = Debug|Any CPU
		{9F98B1F0-13C1-407B-9D19-8F084C1A7B49}.Release|Any CPU.ActiveCfg = Release|Any CPU
		{9F98B1F0-13C1-407B-9D19-8F084C1A7B49}.Release|Any CPU.Build.0 = Release|Any CPU
	EndGlobalSection
	GlobalSection(SolutionProperties) = preSolution
		HideSolutionNode = FALSE
	EndGlobalSection
	GlobalSection(ExtensibilityGlobals) = postSolution
		SolutionGuid = {94EE85F3-FE2A-42C7-8828-0F7131B24AF6}
	EndGlobalSection
EndGlobal
